// !$*UTF8*$!
{
	archiveVersion = 1;
	classes = {
	};
	objectVersion = 46;
	objects = {
/* Begin PBXBuildFile section */
		0207DA581B56EA530066E2B4 /* Images.xcassets in Resources */ = {isa = PBXBuildFile; fileRef = 0207DA571B56EA530066E2B4 /* Images.xcassets */; };
		1D3623260D0F684500981E51 /* AppDelegate.m in Sources */ = {isa = PBXBuildFile; fileRef = 1D3623250D0F684500981E51 /* AppDelegate.m */; };
		1D60589B0D05DD56006BFB54 /* main.m in Sources */ = {isa = PBXBuildFile; fileRef = 29B97316FDCFA39411CA2CEA /* main.m */; };
		301BF552109A68D80062928A /* libCordova.a in Frameworks */ = {isa = PBXBuildFile; fileRef = 301BF535109A57CC0062928A /* libCordova.a */; };
		302D95F114D2391D003F00A1 /* MainViewController.m in Sources */ = {isa = PBXBuildFile; fileRef = 302D95EF14D2391D003F00A1 /* MainViewController.m */; };
		302D95F214D2391D003F00A1 /* MainViewController.xib in Resources */ = {isa = PBXBuildFile; fileRef = 302D95F014D2391D003F00A1 /* MainViewController.xib */; };
		3047A5121AB8059700498E2A /* build-debug.xcconfig in Resources */ = {isa = PBXBuildFile; fileRef = 3047A50F1AB8059700498E2A /* build-debug.xcconfig */; };
		3047A5131AB8059700498E2A /* build-release.xcconfig in Resources */ = {isa = PBXBuildFile; fileRef = 3047A5101AB8059700498E2A /* build-release.xcconfig */; };
		3047A5141AB8059700498E2A /* build.xcconfig in Resources */ = {isa = PBXBuildFile; fileRef = 3047A5111AB8059700498E2A /* build.xcconfig */; };
		DF2E6AFAD0C4471AB1444E68 /* CDVDevice.m in Sources */ = {isa = PBXBuildFile; fileRef = 8D13A3099F1A4383BCD18EC5 /* CDVDevice.m */; };
		D962188082D849DBB3B86668 /* CDVNotification.m in Sources */ = {isa = PBXBuildFile; fileRef = BE948C2DF4FE466CB4A85F8D /* CDVNotification.m */; };
		7D774BB735DE4719AA9B886D /* CDVNotification.bundle in Resources */ = {isa = PBXBuildFile; fileRef = 370B38A3BE4B4E7C90DFB9AA /* CDVNotification.bundle */; };
		0D12C3D8514349778543C4D8 /* AudioToolbox.framework in Frameworks */ = {isa = PBXBuildFile; fileRef = 66DC8FE4B3A74458AF3B667D /* AudioToolbox.framework */; settings = {ATTRIBUTES = (Weak, ); }; };
		79E53339EFEB4A90BC55727F /* CDVGlobalization.m in Sources */ = {isa = PBXBuildFile; fileRef = 7CD6C13733254680BA8B07A8 /* CDVGlobalization.m */; };
		D70FC320C49D4B8AB3300249 /* MFPAppDelegate.m in Sources */ = {isa = PBXBuildFile; fileRef = 6704793464EB466C8B4FFD29 /* MFPAppDelegate.m */; };
		DACFFF1DCDC84F538E3AE076 /* Localizations.bundle in Resources */ = {isa = PBXBuildFile; fileRef = ECFAE39F8E0C41A299BDA44B /* Localizations.bundle */; };
		CF31A61C8C9F4751B0FD3B53 /* Entitlements-Debug.plist in Resources */ = {isa = PBXBuildFile; fileRef = 83B7C0495AD04C2BB74044CF /* Entitlements-Debug.plist */; };
		E5DAF8FE23444652BD3FA131 /* Entitlements-Release.plist in Resources */ = {isa = PBXBuildFile; fileRef = 34D078BDFAE24D0495A93E9C /* Entitlements-Release.plist */; };
		DB71E67EA6D34882B319D6DD /* mfpclient.plist in Resources */ = {isa = PBXBuildFile; fileRef = CDCC7EA0817E472E88637FE0 /* mfpclient.plist */; };
		63414BE8DEBA49ABB6B5758E /* libstdc++.6.tbd in Resources */ = {isa = PBXBuildFile; fileRef = C2587E91D8034C0883A2653D /* libstdc++.6.tbd */; };
		8574BA53FD5340FBA964BD80 /* libz.tbd in Resources */ = {isa = PBXBuildFile; fileRef = 6890DB6E250046ADAEA20885 /* libz.tbd */; };
		C0D9F4939A3A47DA9882E12B /* libc++.tbd in Resources */ = {isa = PBXBuildFile; fileRef = FEB0692ED55343D18A72DD5B /* libc++.tbd */; };
		47AFB750BF7E4E6AB8B79E1F /* Security.framework in Frameworks */ = {isa = PBXBuildFile; fileRef = 954821801EA74D51ABA32BCD /* Security.framework */; };
		080E0C060C494CF2B5AB0570 /* SystemConfiguration.framework in Frameworks */ = {isa = PBXBuildFile; fileRef = BC6145484DFD4A99A1D32665 /* SystemConfiguration.framework */; };
		7BEE7637039B4BEAA955197F /* IBMMobileFirstPlatformFoundation.framework in Frameworks */ = {isa = PBXBuildFile; fileRef = 2811CC599B7346C08AF855B7 /* IBMMobileFirstPlatformFoundation.framework */; };
		F2B3738ABEE44B0EBC2A0668 /* IBMMobileFirstPlatformFoundation.framework in Embed Frameworks */ = {isa = PBXBuildFile; fileRef = 2811CC599B7346C08AF855B7 /* IBMMobileFirstPlatformFoundation.framework */; settings = {ATTRIBUTES = (CodeSignOnCopy, ); }; };
		329765D577B443CFA4C33E72 /* IBMMobileFirstPlatformFoundationHybrid.framework in Frameworks */ = {isa = PBXBuildFile; fileRef = 9E243D4EDA2344EAB93ECAB5 /* IBMMobileFirstPlatformFoundationHybrid.framework */; };
		994BB1AD5CA44EEF89CF5A3F /* IBMMobileFirstPlatformFoundationJSONStore.framework in Frameworks */ = {isa = PBXBuildFile; fileRef = 03D6E5A4E2C34E9E8B42B946 /* IBMMobileFirstPlatformFoundationJSONStore.framework */; };
		E646C0B901E6416782198747 /* sqlcipher.framework in Frameworks */ = {isa = PBXBuildFile; fileRef = 30C08E82940E421A97B28F72 /* sqlcipher.framework */; };
/* End PBXBuildFile section */

/* Begin PBXContainerItemProxy section */
		301BF534109A57CC0062928A /* PBXContainerItemProxy */ = {
			isa = PBXContainerItemProxy;
			containerPortal = 301BF52D109A57CC0062928A /* CordovaLib.xcodeproj */;
			proxyType = 2;
			remoteGlobalIDString = D2AAC07E0554694100DB518D;
			remoteInfo = CordovaLib;
		};
		301BF550109A68C00062928A /* PBXContainerItemProxy */ = {
			isa = PBXContainerItemProxy;
			containerPortal = 301BF52D109A57CC0062928A /* CordovaLib.xcodeproj */;
			proxyType = 1;
			remoteGlobalIDString = D2AAC07D0554694100DB518D;
			remoteInfo = CordovaLib;
		};
/* End PBXContainerItemProxy section */

/* Begin PBXFileReference section */
		0207DA571B56EA530066E2B4 /* Images.xcassets */ = {isa = PBXFileReference; lastKnownFileType = folder.assetcatalog; name = Images.xcassets; path = "HelloCordova/Images.xcassets"; sourceTree = SOURCE_ROOT; };
		1D3623240D0F684500981E51 /* AppDelegate.h */ = {isa = PBXFileReference; fileEncoding = 4; lastKnownFileType = sourcecode.c.h; path = AppDelegate.h; sourceTree = "<group>"; };
		1D3623250D0F684500981E51 /* AppDelegate.m */ = {isa = PBXFileReference; fileEncoding = 4; lastKnownFileType = sourcecode.c.objc; path = AppDelegate.m; sourceTree = "<group>"; };
		1D6058910D05DD3D006BFB54 /* HelloCordova.app */ = {isa = PBXFileReference; explicitFileType = wrapper.application; includeInIndex = 0; path = "HelloCordova.app"; sourceTree = BUILT_PRODUCTS_DIR; };
		29B97316FDCFA39411CA2CEA /* main.m */ = {isa = PBXFileReference; fileEncoding = 4; lastKnownFileType = sourcecode.c.objc; path = main.m; sourceTree = "<group>"; };
		301BF52D109A57CC0062928A /* CordovaLib.xcodeproj */ = {isa = PBXFileReference; lastKnownFileType = "wrapper.pb-project"; name = CordovaLib.xcodeproj; path = CordovaLib/CordovaLib.xcodeproj; sourceTree = "<group>"; };
		301BF56E109A69640062928A /* www */ = {isa = PBXFileReference; lastKnownFileType = folder; path = www; sourceTree = SOURCE_ROOT; };
		302D95EE14D2391D003F00A1 /* MainViewController.h */ = {isa = PBXFileReference; fileEncoding = 4; lastKnownFileType = sourcecode.c.h; path = MainViewController.h; sourceTree = "<group>"; };
		302D95EF14D2391D003F00A1 /* MainViewController.m */ = {isa = PBXFileReference; fileEncoding = 4; lastKnownFileType = sourcecode.c.objc; path = MainViewController.m; sourceTree = "<group>"; };
		302D95F014D2391D003F00A1 /* MainViewController.xib */ = {isa = PBXFileReference; fileEncoding = 4; lastKnownFileType = file.xib; path = MainViewController.xib; sourceTree = "<group>"; };
		3047A50F1AB8059700498E2A /* build-debug.xcconfig */ = {isa = PBXFileReference; fileEncoding = 4; lastKnownFileType = text.xcconfig; name = "build-debug.xcconfig"; path = cordova/build-debug.xcconfig; sourceTree = SOURCE_ROOT; };
		3047A5101AB8059700498E2A /* build-release.xcconfig */ = {isa = PBXFileReference; fileEncoding = 4; lastKnownFileType = text.xcconfig; name = "build-release.xcconfig"; path = cordova/build-release.xcconfig; sourceTree = SOURCE_ROOT; };
		3047A5111AB8059700498E2A /* build.xcconfig */ = {isa = PBXFileReference; fileEncoding = 4; lastKnownFileType = text.xcconfig; name = build.xcconfig; path = cordova/build.xcconfig; sourceTree = SOURCE_ROOT; };
		32CA4F630368D1EE00C91783 /* HelloCordova-Prefix.pch */ = {isa = PBXFileReference; fileEncoding = 4; lastKnownFileType = sourcecode.c.h; path = "HelloCordova-Prefix.pch"; sourceTree = "<group>"; };
		8D1107310486CEB800E47090 /* HelloCordova-Info.plist */ = {isa = PBXFileReference; fileEncoding = 4; lastKnownFileType = text.plist.xml; name = "HelloCordova-Info.plist"; path = "HelloCordova/HelloCordova-Info.plist"; plistStructureDefinitionIdentifier = "com.apple.xcode.plist.structure-definition.iphone.info-plist"; sourceTree = SOURCE_ROOT; };
		EB87FDF31871DA8E0020F90C /* www */ = {isa = PBXFileReference; lastKnownFileType = folder; name = www; path = ../../www; sourceTree = "<group>"; };
		EB87FDF41871DAF40020F90C /* config.xml */ = {isa = PBXFileReference; lastKnownFileType = text.xml; name = config.xml; path = ../../config.xml; sourceTree = "<group>"; };
		F840E1F0165FE0F500CFE078 /* config.xml */ = {isa = PBXFileReference; lastKnownFileType = text.xml; name = config.xml; path = "HelloCordova/config.xml"; sourceTree = "<group>"; };
		ED33DF2A687741AEAF9F8254 /* Bridging-Header.h */ = {isa = PBXFileReference; fileEncoding = 4; lastKnownFileType = sourcecode.c.h; name = "Bridging-Header.h"; path = "Bridging-Header.h"; sourceTree = "<group>"; };
		8D13A3099F1A4383BCD18EC5 /* CDVDevice.m */ = {isa = PBXFileReference; name = "CDVDevice.m"; path = "cordova-plugin-device/CDVDevice.m"; sourceTree = "<group>"; fileEncoding = 4; lastKnownFileType = sourcecode.c.objc; explicitFileType = undefined; includeInIndex = 0; };
		DBE477C87CFE497182E6CD7E /* CDVDevice.h */ = {isa = PBXFileReference; name = "CDVDevice.h"; path = "cordova-plugin-device/CDVDevice.h"; sourceTree = "<group>"; fileEncoding = 4; lastKnownFileType = sourcecode.c.h; explicitFileType = undefined; includeInIndex = 0; };
		BE948C2DF4FE466CB4A85F8D /* CDVNotification.m */ = {isa = PBXFileReference; name = "CDVNotification.m"; path = "cordova-plugin-dialogs/CDVNotification.m"; sourceTree = "<group>"; fileEncoding = 4; lastKnownFileType = sourcecode.c.objc; explicitFileType = undefined; includeInIndex = 0; };
		C1B08CB90FDC459EBC4ABE69 /* CDVNotification.h */ = {isa = PBXFileReference; name = "CDVNotification.h"; path = "cordova-plugin-dialogs/CDVNotification.h"; sourceTree = "<group>"; fileEncoding = 4; lastKnownFileType = sourcecode.c.h; explicitFileType = undefined; includeInIndex = 0; };
		370B38A3BE4B4E7C90DFB9AA /* CDVNotification.bundle */ = {isa = PBXFileReference; name = "CDVNotification.bundle"; path = "CDVNotification.bundle"; sourceTree = "<group>"; fileEncoding = undefined; lastKnownFileType = wrapper.plug-in; explicitFileType = undefined; includeInIndex = 0; };
		66DC8FE4B3A74458AF3B667D /* AudioToolbox.framework */ = {isa = PBXFileReference; name = "AudioToolbox.framework"; path = "System/Library/Frameworks/AudioToolbox.framework"; sourceTree = SDKROOT; fileEncoding = undefined; lastKnownFileType = wrapper.framework; explicitFileType = undefined; includeInIndex = 0; };
		7CD6C13733254680BA8B07A8 /* CDVGlobalization.m */ = {isa = PBXFileReference; name = "CDVGlobalization.m"; path = "cordova-plugin-globalization/CDVGlobalization.m"; sourceTree = "<group>"; fileEncoding = 4; lastKnownFileType = sourcecode.c.objc; explicitFileType = undefined; includeInIndex = 0; };
		8CC53EFAEAA6445CA6C1F41E /* CDVGlobalization.h */ = {isa = PBXFileReference; name = "CDVGlobalization.h"; path = "cordova-plugin-globalization/CDVGlobalization.h"; sourceTree = "<group>"; fileEncoding = 4; lastKnownFileType = sourcecode.c.h; explicitFileType = undefined; includeInIndex = 0; };
		6704793464EB466C8B4FFD29 /* MFPAppDelegate.m */ = {isa = PBXFileReference; name = "MFPAppDelegate.m"; path = "cordova-plugin-mfp/MFPAppDelegate.m"; sourceTree = "<group>"; fileEncoding = 4; lastKnownFileType = sourcecode.c.objc; explicitFileType = undefined; includeInIndex = 0; };
		61BAFD73B7D24063B1537BD5 /* MFPAppDelegate.h */ = {isa = PBXFileReference; name = "MFPAppDelegate.h"; path = "cordova-plugin-mfp/MFPAppDelegate.h"; sourceTree = "<group>"; fileEncoding = 4; lastKnownFileType = sourcecode.c.h; explicitFileType = undefined; includeInIndex = 0; };
		ECFAE39F8E0C41A299BDA44B /* Localizations.bundle */ = {isa = PBXFileReference; name = "Localizations.bundle"; path = "Localizations.bundle"; sourceTree = "<group>"; fileEncoding = undefined; lastKnownFileType = wrapper.plug-in; explicitFileType = undefined; includeInIndex = 0; };
		83B7C0495AD04C2BB74044CF /* Entitlements-Debug.plist */ = {isa = PBXFileReference; name = "Entitlements-Debug.plist"; path = "Entitlements-Debug.plist"; sourceTree = "<group>"; fileEncoding = 4; lastKnownFileType = text.plist.xml; explicitFileType = undefined; includeInIndex = 0; };
		34D078BDFAE24D0495A93E9C /* Entitlements-Release.plist */ = {isa = PBXFileReference; name = "Entitlements-Release.plist"; path = "Entitlements-Release.plist"; sourceTree = "<group>"; fileEncoding = 4; lastKnownFileType = text.plist.xml; explicitFileType = undefined; includeInIndex = 0; };
		CDCC7EA0817E472E88637FE0 /* mfpclient.plist */ = {isa = PBXFileReference; name = "mfpclient.plist"; path = "mfpclient.plist"; sourceTree = "<group>"; fileEncoding = 4; lastKnownFileType = text.plist.xml; explicitFileType = undefined; includeInIndex = 0; };
		C2587E91D8034C0883A2653D /* libstdc++.6.tbd */ = {isa = PBXFileReference; name = "libstdc++.6.tbd"; path = "libstdc++.6.tbd"; sourceTree = "<group>"; fileEncoding = undefined; lastKnownFileType = unknown; explicitFileType = undefined; includeInIndex = 0; };
		6890DB6E250046ADAEA20885 /* libz.tbd */ = {isa = PBXFileReference; name = "libz.tbd"; path = "libz.tbd"; sourceTree = "<group>"; fileEncoding = undefined; lastKnownFileType = unknown; explicitFileType = undefined; includeInIndex = 0; };
		FEB0692ED55343D18A72DD5B /* libc++.tbd */ = {isa = PBXFileReference; name = "libc++.tbd"; path = "libc++.tbd"; sourceTree = "<group>"; fileEncoding = undefined; lastKnownFileType = unknown; explicitFileType = undefined; includeInIndex = 0; };
		954821801EA74D51ABA32BCD /* Security.framework */ = {isa = PBXFileReference; name = "Security.framework"; path = "System/Library/Frameworks/Security.framework"; sourceTree = SDKROOT; fileEncoding = undefined; lastKnownFileType = wrapper.framework; explicitFileType = undefined; includeInIndex = 0; };
		BC6145484DFD4A99A1D32665 /* SystemConfiguration.framework */ = {isa = PBXFileReference; name = "SystemConfiguration.framework"; path = "System/Library/Frameworks/SystemConfiguration.framework"; sourceTree = SDKROOT; fileEncoding = undefined; lastKnownFileType = wrapper.framework; explicitFileType = undefined; includeInIndex = 0; };
		2811CC599B7346C08AF855B7 /* IBMMobileFirstPlatformFoundation.framework */ = {isa = PBXFileReference; name = "IBMMobileFirstPlatformFoundation.framework"; path = "HelloCordova/Plugins/cordova-plugin-mfp/IBMMobileFirstPlatformFoundation.framework"; sourceTree = "<group>"; fileEncoding = undefined; lastKnownFileType = wrapper.framework; explicitFileType = undefined; includeInIndex = 0; };
		9E243D4EDA2344EAB93ECAB5 /* IBMMobileFirstPlatformFoundationHybrid.framework */ = {isa = PBXFileReference; name = "IBMMobileFirstPlatformFoundationHybrid.framework"; path = "HelloCordova/Plugins/cordova-plugin-mfp/IBMMobileFirstPlatformFoundationHybrid.framework"; sourceTree = "<group>"; fileEncoding = undefined; lastKnownFileType = wrapper.framework; explicitFileType = undefined; includeInIndex = 0; };
		03D6E5A4E2C34E9E8B42B946 /* IBMMobileFirstPlatformFoundationJSONStore.framework */ = {isa = PBXFileReference; name = "IBMMobileFirstPlatformFoundationJSONStore.framework"; path = "HelloCordova/Plugins/cordova-plugin-mfp/IBMMobileFirstPlatformFoundationJSONStore.framework"; sourceTree = "<group>"; fileEncoding = undefined; lastKnownFileType = wrapper.framework; explicitFileType = undefined; includeInIndex = 0; };
		30C08E82940E421A97B28F72 /* sqlcipher.framework */ = {isa = PBXFileReference; name = "sqlcipher.framework"; path = "HelloCordova/Plugins/cordova-plugin-mfp/sqlcipher.framework"; sourceTree = "<group>"; fileEncoding = undefined; lastKnownFileType = wrapper.framework; explicitFileType = undefined; includeInIndex = 0; };
/* End PBXFileReference section */

/* Begin PBXFrameworksBuildPhase section */
		1D60588F0D05DD3D006BFB54 /* Frameworks */ = {
			isa = PBXFrameworksBuildPhase;
			buildActionMask = 2147483647;
			files = (
				301BF552109A68D80062928A /* libCordova.a in Frameworks */,
				0D12C3D8514349778543C4D8 /* AudioToolbox.framework in Frameworks */,
				63414BE8DEBA49ABB6B5758E /* libstdc++.6.tbd in Resources */,
				8574BA53FD5340FBA964BD80 /* libz.tbd in Resources */,
				C0D9F4939A3A47DA9882E12B /* libc++.tbd in Resources */,
				47AFB750BF7E4E6AB8B79E1F /* Security.framework in Frameworks */,
				080E0C060C494CF2B5AB0570 /* SystemConfiguration.framework in Frameworks */,
				7BEE7637039B4BEAA955197F /* IBMMobileFirstPlatformFoundation.framework in Frameworks */,
				329765D577B443CFA4C33E72 /* IBMMobileFirstPlatformFoundationHybrid.framework in Frameworks */,
				994BB1AD5CA44EEF89CF5A3F /* IBMMobileFirstPlatformFoundationJSONStore.framework in Frameworks */,
				E646C0B901E6416782198747 /* sqlcipher.framework in Frameworks */,
			);
			runOnlyForDeploymentPostprocessing = 0;
		};
/* End PBXFrameworksBuildPhase section */

/* Begin PBXGroup section */
		080E96DDFE201D6D7F000001 /* Classes */ = {
			isa = PBXGroup;
			children = (
				302D95EE14D2391D003F00A1 /* MainViewController.h */,
				302D95EF14D2391D003F00A1 /* MainViewController.m */,
				302D95F014D2391D003F00A1 /* MainViewController.xib */,
				1D3623240D0F684500981E51 /* AppDelegate.h */,
				1D3623250D0F684500981E51 /* AppDelegate.m */,
			);
			name = Classes;
			path = "HelloCordova/Classes";
			sourceTree = SOURCE_ROOT;
		};
		19C28FACFE9D520D11CA2CBB /* Products */ = {
			isa = PBXGroup;
			children = (
				1D6058910D05DD3D006BFB54 /* HelloCordova.app */,
			);
			name = Products;
			sourceTree = "<group>";
		};
		29B97314FDCFA39411CA2CEA /* CustomTemplate */ = {
			isa = PBXGroup;
			children = (
				EB87FDF41871DAF40020F90C /* config.xml */,
				EB87FDF31871DA8E0020F90C /* www */,
				EB87FDF11871DA420020F90C /* Staging */,
				301BF52D109A57CC0062928A /* CordovaLib.xcodeproj */,
				080E96DDFE201D6D7F000001 /* Classes */,
				307C750510C5A3420062BCA9 /* Plugins */,
				29B97315FDCFA39411CA2CEA /* Other Sources */,
				29B97317FDCFA39411CA2CEA /* Resources */,
				29B97323FDCFA39411CA2CEA /* Frameworks */,
				19C28FACFE9D520D11CA2CBB /* Products */,
			);
			name = CustomTemplate;
			sourceTree = "<group>";
		};
		29B97315FDCFA39411CA2CEA /* Other Sources */ = {
			isa = PBXGroup;
			children = (
				32CA4F630368D1EE00C91783 /* HelloCordova-Prefix.pch */,
				29B97316FDCFA39411CA2CEA /* main.m */,
				ED33DF2A687741AEAF9F8254 /* Bridging-Header.h */,
			);
			name = "Other Sources";
			path = "HelloCordova";
			sourceTree = "<group>";
		};
		29B97317FDCFA39411CA2CEA /* Resources */ = {
			isa = PBXGroup;
			children = (
				0207DA571B56EA530066E2B4 /* Images.xcassets */,
				3047A50E1AB8057F00498E2A /* config */,
				8D1107310486CEB800E47090 /* HelloCordova-Info.plist */,
				370B38A3BE4B4E7C90DFB9AA /* CDVNotification.bundle */,
				ECFAE39F8E0C41A299BDA44B /* Localizations.bundle */,
				83B7C0495AD04C2BB74044CF /* Entitlements-Debug.plist */,
				34D078BDFAE24D0495A93E9C /* Entitlements-Release.plist */,
				CDCC7EA0817E472E88637FE0 /* mfpclient.plist */,
			);
			name = Resources;
			path = "HelloCordova/Resources";
			sourceTree = "<group>";
		};
		29B97323FDCFA39411CA2CEA /* Frameworks */ = {
			isa = PBXGroup;
			children = (
				66DC8FE4B3A74458AF3B667D /* AudioToolbox.framework */,
				C2587E91D8034C0883A2653D /* libstdc++.6.tbd */,
				6890DB6E250046ADAEA20885 /* libz.tbd */,
				FEB0692ED55343D18A72DD5B /* libc++.tbd */,
				954821801EA74D51ABA32BCD /* Security.framework */,
				BC6145484DFD4A99A1D32665 /* SystemConfiguration.framework */,
				2811CC599B7346C08AF855B7 /* IBMMobileFirstPlatformFoundation.framework */,
				9E243D4EDA2344EAB93ECAB5 /* IBMMobileFirstPlatformFoundationHybrid.framework */,
				03D6E5A4E2C34E9E8B42B946 /* IBMMobileFirstPlatformFoundationJSONStore.framework */,
				30C08E82940E421A97B28F72 /* sqlcipher.framework */,
			);
			name = Frameworks;
			sourceTree = "<group>";
		};
		301BF52E109A57CC0062928A /* Products */ = {
			isa = PBXGroup;
			children = (
				301BF535109A57CC0062928A /* libCordova.a */,
			);
			name = Products;
			sourceTree = "<group>";
		};
		3047A50E1AB8057F00498E2A /* config */ = {
			isa = PBXGroup;
			children = (
				3047A50F1AB8059700498E2A /* build-debug.xcconfig */,
				3047A5101AB8059700498E2A /* build-release.xcconfig */,
				3047A5111AB8059700498E2A /* build.xcconfig */,
			);
			name = config;
			sourceTree = "<group>";
		};
		307C750510C5A3420062BCA9 /* Plugins */ = {
			isa = PBXGroup;
			children = (
				8D13A3099F1A4383BCD18EC5 /* CDVDevice.m */,
				DBE477C87CFE497182E6CD7E /* CDVDevice.h */,
				BE948C2DF4FE466CB4A85F8D /* CDVNotification.m */,
				C1B08CB90FDC459EBC4ABE69 /* CDVNotification.h */,
				7CD6C13733254680BA8B07A8 /* CDVGlobalization.m */,
				8CC53EFAEAA6445CA6C1F41E /* CDVGlobalization.h */,
				6704793464EB466C8B4FFD29 /* MFPAppDelegate.m */,
				61BAFD73B7D24063B1537BD5 /* MFPAppDelegate.h */,
			);
			name = Plugins;
			path = "HelloCordova/Plugins";
			sourceTree = SOURCE_ROOT;
		};
		EB87FDF11871DA420020F90C /* Staging */ = {
			isa = PBXGroup;
			children = (
				F840E1F0165FE0F500CFE078 /* config.xml */,
				301BF56E109A69640062928A /* www */,
			);
			name = Staging;
			sourceTree = "<group>";
		};
/* End PBXGroup section */

/* Begin PBXNativeTarget section */
		1D6058900D05DD3D006BFB54 /* HelloCordova */ = {
			isa = PBXNativeTarget;
			buildConfigurationList = 1D6058960D05DD3E006BFB54 /* Build configuration list for PBXNativeTarget "HelloCordova" */;
			buildPhases = (
				304B58A110DAC018002A0835 /* Copy www directory */,
				1D60588D0D05DD3D006BFB54 /* Resources */,
				1D60588E0D05DD3D006BFB54 /* Sources */,
				1D60588F0D05DD3D006BFB54 /* Frameworks */,
				981212D29B5C4E30B80B41A4 /* Embed Frameworks */,
			);
			buildRules = (
			);
			dependencies = (
				301BF551109A68C00062928A /* PBXTargetDependency */,
			);
			name = "HelloCordova";
			productName = "HelloCordova";
			productReference = 1D6058910D05DD3D006BFB54 /* HelloCordova.app */;
			productType = "com.apple.product-type.application";
		};
/* End PBXNativeTarget section */

/* Begin PBXProject section */
		29B97313FDCFA39411CA2CEA /* Project object */ = {
			isa = PBXProject;
			attributes = {
				LastUpgradeCheck = 510;
			};
			buildConfigurationList = C01FCF4E08A954540054247B /* Build configuration list for PBXProject "__NON-CLI__" */;
			compatibilityVersion = "Xcode 3.2";
			developmentRegion = English;
			hasScannedForEncodings = 1;
			mainGroup = 29B97314FDCFA39411CA2CEA /* CustomTemplate */;
			projectDirPath = "";
			projectReferences = (
				{
					ProductGroup = 301BF52E109A57CC0062928A /* Products */;
					ProjectRef = 301BF52D109A57CC0062928A /* CordovaLib.xcodeproj */;
				},
			);
			projectRoot = "";
			targets = (
				1D6058900D05DD3D006BFB54 /* HelloCordova */,
			);
		};
/* End PBXProject section */

/* Begin PBXReferenceProxy section */
		301BF535109A57CC0062928A /* libCordova.a */ = {
			isa = PBXReferenceProxy;
			fileType = archive.ar;
			path = libCordova.a;
			remoteRef = 301BF534109A57CC0062928A /* PBXContainerItemProxy */;
			sourceTree = BUILT_PRODUCTS_DIR;
		};
/* End PBXReferenceProxy section */

/* Begin PBXResourcesBuildPhase section */
		1D60588D0D05DD3D006BFB54 /* Resources */ = {
			isa = PBXResourcesBuildPhase;
			buildActionMask = 2147483647;
			files = (
				302D95F214D2391D003F00A1 /* MainViewController.xib in Resources */,
				3047A5131AB8059700498E2A /* build-release.xcconfig in Resources */,
				3047A5141AB8059700498E2A /* build.xcconfig in Resources */,
				0207DA581B56EA530066E2B4 /* Images.xcassets in Resources */,
				3047A5121AB8059700498E2A /* build-debug.xcconfig in Resources */,
				7D774BB735DE4719AA9B886D /* CDVNotification.bundle in Resources */,
				DACFFF1DCDC84F538E3AE076 /* Localizations.bundle in Resources */,
				CF31A61C8C9F4751B0FD3B53 /* Entitlements-Debug.plist in Resources */,
				E5DAF8FE23444652BD3FA131 /* Entitlements-Release.plist in Resources */,
				DB71E67EA6D34882B319D6DD /* mfpclient.plist in Resources */,
			);
			runOnlyForDeploymentPostprocessing = 0;
		};
/* End PBXResourcesBuildPhase section */

/* Begin PBXShellScriptBuildPhase section */
		304B58A110DAC018002A0835 /* Copy www directory */ = {
			isa = PBXShellScriptBuildPhase;
			buildActionMask = 2147483647;
			files = (
			);
			inputPaths = (
			);
			name = "Copy www directory";
			outputPaths = (
			);
			runOnlyForDeploymentPostprocessing = 0;
			shellPath = /bin/sh;
			shellScript = "NODEJS_PATH=/usr/local/bin; NVM_NODE_PATH=~/.nvm/versions/node/`nvm version 2>/dev/null`/bin; N_NODE_PATH=`find /usr/local/n/versions/node/* -maxdepth 0 -type d 2>/dev/null | tail -1`/bin; XCODE_NODE_PATH=`xcode-select --print-path`/usr/share/xcs/Node/bin; PATH=$NODEJS_PATH:$NVM_NODE_PATH:$N_NODE_PATH:$XCODE_NODE_PATH:$PATH && node cordova/lib/copy-www-build-step.js";
			showEnvVarsInLog = 0;
		};
/* End PBXShellScriptBuildPhase section */

/* Begin PBXSourcesBuildPhase section */
		1D60588E0D05DD3D006BFB54 /* Sources */ = {
			isa = PBXSourcesBuildPhase;
			buildActionMask = 2147483647;
			files = (
				1D60589B0D05DD56006BFB54 /* main.m in Sources */,
				1D3623260D0F684500981E51 /* AppDelegate.m in Sources */,
				302D95F114D2391D003F00A1 /* MainViewController.m in Sources */,
				DF2E6AFAD0C4471AB1444E68 /* CDVDevice.m in Sources */,
				D962188082D849DBB3B86668 /* CDVNotification.m in Sources */,
				79E53339EFEB4A90BC55727F /* CDVGlobalization.m in Sources */,
				D70FC320C49D4B8AB3300249 /* MFPAppDelegate.m in Sources */,
			);
			runOnlyForDeploymentPostprocessing = 0;
		};
/* End PBXSourcesBuildPhase section */

/* Begin PBXTargetDependency section */
		301BF551109A68C00062928A /* PBXTargetDependency */ = {
			isa = PBXTargetDependency;
			name = CordovaLib;
			targetProxy = 301BF550109A68C00062928A /* PBXContainerItemProxy */;
		};
/* End PBXTargetDependency section */

/* Begin XCBuildConfiguration section */
		1D6058940D05DD3E006BFB54 /* Debug */ = {
			isa = XCBuildConfiguration;
			baseConfigurationReference = 3047A50F1AB8059700498E2A /* build-debug.xcconfig */;
			buildSettings = {
				ALWAYS_SEARCH_USER_PATHS = NO;
				ASSETCATALOG_COMPILER_APPICON_NAME = AppIcon;
				ASSETCATALOG_COMPILER_LAUNCHIMAGE_NAME = LaunchImage;
				CLANG_ENABLE_MODULES = YES;
				CLANG_ENABLE_OBJC_ARC = YES;
				COPY_PHASE_STRIP = NO;
				GCC_DYNAMIC_NO_PIC = NO;
				GCC_OPTIMIZATION_LEVEL = 0;
				GCC_PRECOMPILE_PREFIX_HEADER = YES;
				GCC_PREFIX_HEADER = "HelloCordova/HelloCordova-Prefix.pch";
				GCC_THUMB_SUPPORT = NO;
				GCC_VERSION = "";
				INFOPLIST_FILE = "HelloCordova/HelloCordova-Info.plist";
				LD_RUNPATH_SEARCH_PATHS = "@executable_path/Frameworks";
				PRODUCT_NAME = "HelloCordova";
				FRAMEWORK_SEARCH_PATHS = (
					"$(inherited)",
					"\"HelloCordova/Plugins/cordova-plugin-mfp\"",
				);
			};
			name = Debug;
		};
		1D6058950D05DD3E006BFB54 /* Release */ = {
			isa = XCBuildConfiguration;
			baseConfigurationReference = 3047A5101AB8059700498E2A /* build-release.xcconfig */;
			buildSettings = {
				ALWAYS_SEARCH_USER_PATHS = NO;
				ASSETCATALOG_COMPILER_APPICON_NAME = AppIcon;
				ASSETCATALOG_COMPILER_LAUNCHIMAGE_NAME = LaunchImage;
				CLANG_ENABLE_MODULES = YES;
				CLANG_ENABLE_OBJC_ARC = YES;
				COPY_PHASE_STRIP = YES;
				GCC_PRECOMPILE_PREFIX_HEADER = YES;
				GCC_PREFIX_HEADER = "HelloCordova/HelloCordova-Prefix.pch";
				GCC_THUMB_SUPPORT = NO;
				GCC_VERSION = "";
				INFOPLIST_FILE = "HelloCordova/HelloCordova-Info.plist";
				PRODUCT_NAME = "HelloCordova";
				FRAMEWORK_SEARCH_PATHS = (
					"$(inherited)",
					"\"HelloCordova/Plugins/cordova-plugin-mfp\"",
				);
				LD_RUNPATH_SEARCH_PATHS = "$(inherited) @executable_path/Frameworks";
			};
			name = Release;
		};
		C01FCF4F08A954540054247B /* Debug */ = {
			isa = XCBuildConfiguration;
			baseConfigurationReference = 3047A5111AB8059700498E2A /* build.xcconfig */;
			buildSettings = {
				CLANG_ENABLE_MODULES = YES;
				CLANG_ENABLE_OBJC_ARC = YES;
				CLANG_WARN_BOOL_CONVERSION = YES;
				CLANG_WARN_CONSTANT_CONVERSION = YES;
				CLANG_WARN_EMPTY_BODY = YES;
				CLANG_WARN_ENUM_CONVERSION = YES;
				CLANG_WARN_INT_CONVERSION = YES;
				CLANG_WARN__DUPLICATE_METHOD_MATCH = YES;
				GCC_C_LANGUAGE_STANDARD = c99;
				GCC_THUMB_SUPPORT = NO;
				GCC_VERSION = "";
				GCC_WARN_ABOUT_RETURN_TYPE = YES;
				GCC_WARN_UNDECLARED_SELECTOR = YES;
				GCC_WARN_UNINITIALIZED_AUTOS = YES;
				GCC_WARN_UNUSED_FUNCTION = YES;
				GCC_WARN_UNUSED_VARIABLE = YES;
				ONLY_ACTIVE_ARCH = YES;
				SDKROOT = iphoneos;
				SKIP_INSTALL = NO;
			};
			name = Debug;
		};
		C01FCF5008A954540054247B /* Release */ = {
			isa = XCBuildConfiguration;
			baseConfigurationReference = 3047A5111AB8059700498E2A /* build.xcconfig */;
			buildSettings = {
				CLANG_ENABLE_MODULES = YES;
				CLANG_ENABLE_OBJC_ARC = YES;
				CLANG_WARN_BOOL_CONVERSION = YES;
				CLANG_WARN_CONSTANT_CONVERSION = YES;
				CLANG_WARN_EMPTY_BODY = YES;
				CLANG_WARN_ENUM_CONVERSION = YES;
				CLANG_WARN_INT_CONVERSION = YES;
				CLANG_WARN__DUPLICATE_METHOD_MATCH = YES;
				GCC_C_LANGUAGE_STANDARD = c99;
				GCC_THUMB_SUPPORT = NO;
				GCC_VERSION = "";
				GCC_WARN_ABOUT_RETURN_TYPE = YES;
				GCC_WARN_UNDECLARED_SELECTOR = YES;
				GCC_WARN_UNINITIALIZED_AUTOS = YES;
				GCC_WARN_UNUSED_FUNCTION = YES;
				GCC_WARN_UNUSED_VARIABLE = YES;
				SDKROOT = iphoneos;
				SKIP_INSTALL = NO;
				LD_RUNPATH_SEARCH_PATHS = "$(inherited) @executable_path/Frameworks";
			};
			name = Release;
		};
/* End XCBuildConfiguration section */

/* Begin XCConfigurationList section */
		1D6058960D05DD3E006BFB54 /* Build configuration list for PBXNativeTarget "HelloCordova" */ = {
			isa = XCConfigurationList;
			buildConfigurations = (
				1D6058940D05DD3E006BFB54 /* Debug */,
				1D6058950D05DD3E006BFB54 /* Release */,
			);
			defaultConfigurationIsVisible = 0;
			defaultConfigurationName = Release;
		};
		C01FCF4E08A954540054247B /* Build configuration list for PBXProject "__NON-CLI__" */ = {
			isa = XCConfigurationList;
			buildConfigurations = (
				C01FCF4F08A954540054247B /* Debug */,
				C01FCF5008A954540054247B /* Release */,
			);
			defaultConfigurationIsVisible = 0;
			defaultConfigurationName = Release;
		};
/* End XCConfigurationList section */

/* Begin PBXCopyFilesBuildPhase section */
		981212D29B5C4E30B80B41A4 /* Embed Frameworks */ = {
			isa = PBXCopyFilesBuildPhase;
			buildActionMask = 2147483647;
			files = (
				F2B3738ABEE44B0EBC2A0668 /* IBMMobileFirstPlatformFoundation.framework in Embed Frameworks */,
			);
			runOnlyForDeploymentPostprocessing = 0;
			name = "Embed Frameworks";
			dstPath = "";
			dstSubfolderSpec = 10;
		};
/* End PBXCopyFilesBuildPhase section */
	};
	rootObject = 29B97313FDCFA39411CA2CEA /* Project object */;
}
